
Microsoft Visual Studio Solution File, Format Version 12.00
# Visual Studio Version 17
VisualStudioVersion = 17.3.32929.385
MinimumVisualStudioVersion = 10.0.40219.1
Project("{FAE04EC0-301F-11D3-BF4B-00C04F79EFBC}") = "Tour Managament EAD project", "Tour Managament EAD project\Tour Managament EAD project.csproj", "{70C8552A-FE11-45FB-87ED-365BB1044808}"
EndProject
Global
	GlobalSection(SolutionConfigurationPlatforms) = preSolution
		Debug|Any CPU = Debug|Any CPU
		Release|Any CPU = Release|Any CPU
	EndGlobalSection
	GlobalSection(ProjectConfigurationPlatforms) = postSolution
		{70C8552A-FE11-45FB-87ED-365BB1044808}.Debug|Any CPU.ActiveCfg = Debug|Any CPU
		{70C8552A-FE11-45FB-87ED-365BB1044808}.Debug|Any CPU.Build.0 = Debug|Any CPU
		{70C8552A-FE11-45FB-87ED-365BB1044808}.Release|Any CPU.ActiveCfg = Release|Any CPU
		{70C8552A-FE11-45FB-87ED-365BB1044808}.Release|Any CPU.Build.0 = Release|Any CPU
	EndGlobalSection
	GlobalSection(SolutionProperties) = preSolution
		HideSolutionNode = FALSE
	EndGlobalSection
	GlobalSection(ExtensibilityGlobals) = postSolution
		SolutionGuid = {E894161C-FC5B-4B46-912B-763FE8E238B3}
	EndGlobalSection
EndGlobal
